
Microsoft Visual Studio Solution File, Format Version 12.00
# Visual Studio Version 17
VisualStudioVersion = 17.4.33205.214
MinimumVisualStudioVersion = 10.0.40219.1
Project("{FAE04EC0-301F-11D3-BF4B-00C04F79EFBC}") = "EntityFrameworkQueries", "EntityFrameworkQueries\EntityFrameworkQueries.csproj", "{CA95A636-1D60-4B18-9EA5-8293ABA2435B}"
EndProject
Global
	GlobalSection(SolutionConfigurationPlatforms) = preSolution
		Debug|Any CPU = Debug|Any CPU
		Release|Any CPU = Release|Any CPU
	EndGlobalSection
	GlobalSection(ProjectConfigurationPlatforms) = postSolution
		{CA95A636-1D60-4B18-9EA5-8293ABA2435B}.Debug|Any CPU.ActiveCfg = Debug|Any CPU
		{CA95A636-1D60-4B18-9EA5-8293ABA2435B}.Debug|Any CPU.Build.0 = Debug|Any CPU
		{CA95A636-1D60-4B18-9EA5-8293ABA2435B}.Release|Any CPU.ActiveCfg = Release|Any CPU
		{CA95A636-1D60-4B18-9EA5-8293ABA2435B}.Release|Any CPU.Build.0 = Release|Any CPU
	EndGlobalSection
	GlobalSection(SolutionProperties) = preSolution
		HideSolutionNode = FALSE
	EndGlobalSection
	GlobalSection(ExtensibilityGlobals) = postSolution
		SolutionGuid = {E7BD1A2F-1B91-490E-BB1C-6F39FC6AA462}
	EndGlobalSection
EndGlobal
